# This file is automatically @generated by Cargo.
# It is not intended for manual editing.
version = 3

[[package]]
name = "deleteProducts"
version = "0.1.0"

[[package]]
name = "exportAttribute_values"
version = "0.1.0"

[[package]]
name = "exportAttributes"
version = "0.1.0"

[[package]]
name = "exportDigitalAssets"
version = "0.1.0"

[[package]]
name = "exportProducts"
version = "0.1.0"

[[package]]
name = "exportSalsifyIds"
version = "0.1.0"
dependencies = [
 "testlib",
]

[[package]]
name = "salsify_rust_utils"
version = "0.1.0"
dependencies = [
 "testlib",
]

[[package]]
name = "testlib"
version = "0.1.0"
